github.com/Lofanmi/chinese-calendar-golang v0.0.0-20211214151323-ef5cb443e55e h1:hWFKGrEqJI14SqwK7GShkaTV1NtQzMZFLFasITmH/LI=
github.com/Lofanmi/chinese-calendar-golang v0.0.0-20211214151323-ef5cb443e55e/go.mod h1:nG6VxnU5//MJzjwFAYQzFcrVdm+3RGD8NwO9riziV8E=
github.com/phpdave11/gofpdi v1.0.14-0.20211212211723-1f10f9844311 h1:zyWXQ6vu27ETMpYsEMAsisQ+GqJ4e1TPvSNfdOPF0no=
github.com/phpdave11/gofpdi v1.0.14-0.20211212211723-1f10f9844311/go.mod h1:vBmVV0Do6hSBHC8uKUQ71JGW+ZGQq74llk/7bXwjDoI=
github.com/pkg/errors v0.8.1 h1:iURUrRGxPUNPdy5/HRSm+Yj6okJ6UtLINN0Q9M4+h3I=
github.com/pkg/errors v0.8.1/go.mod h1:bwawxfHBFNV+L2hUp1rHADufV3IMtnDRdf1r5NINEl0=
github.com/shopspring/decimal v1.4.0 h1:bxl37RwXBklmTi0C79JfXCEBD1cqqHt0bbgBAGFp81k=
github.com/shopspring/decimal v1.4.0/go.mod h1:gawqmDU56v4yIKSwfBSFip1HdCCXN8/+DMd9qYNcwME=
github.com/signintech/gopdf v0.27.1 h1:e3hKauvFbKoIk2jz4HaUsnwuEzsN1xJOFag6ZR6JbFY=
github.com/signintech/gopdf v0.27.1/go.mod h1:d23eO35GpEliSrF22eJ4bsM3wVeQJTjXTHq5x5qGKjA=
